
Microsoft Visual Studio Solution File, Format Version 12.00
# Visual Studio Version 17
VisualStudioVersion = 17.13.35806.99 d17.13
MinimumVisualStudioVersion = 10.0.40219.1
Project("{FAE04EC0-301F-11D3-BF4B-00C04F79EFBC}") = "ConsoleApp11", "ConsoleApp11\ConsoleApp11.csproj", "{2D252306-0D52-409C-8020-02B6D461DEB8}"
EndProject
Global
	GlobalSection(SolutionConfigurationPlatforms) = preSolution
		Debug|Any CPU = Debug|Any CPU
		Release|Any CPU = Release|Any CPU
	EndGlobalSection
	GlobalSection(ProjectConfigurationPlatforms) = postSolution
		{2D252306-0D52-409C-8020-02B6D461DEB8}.Debug|Any CPU.ActiveCfg = Debug|Any CPU
		{2D252306-0D52-409C-8020-02B6D461DEB8}.Debug|Any CPU.Build.0 = Debug|Any CPU
		{2D252306-0D52-409C-8020-02B6D461DEB8}.Release|Any CPU.ActiveCfg = Release|Any CPU
		{2D252306-0D52-409C-8020-02B6D461DEB8}.Release|Any CPU.Build.0 = Release|Any CPU
	EndGlobalSection
	GlobalSection(SolutionProperties) = preSolution
		HideSolutionNode = FALSE
	EndGlobalSection
	GlobalSection(ExtensibilityGlobals) = postSolution
		SolutionGuid = {4125DB7B-8EA4-4247-B583-5D6218FA3FE4}
	EndGlobalSection
EndGlobal
